
Microsoft Visual Studio Solution File, Format Version 12.00
# Visual Studio Version 17
VisualStudioVersion = 17.11.35222.181
MinimumVisualStudioVersion = 10.0.40219.1
Project("{FAE04EC0-301F-11D3-BF4B-00C04F79EFBC}") = "RudeChatBot", "ConsoleApp2\RudeChatBot.csproj", "{2B29F411-6671-48D2-8CA8-0D9E8A985A9F}"
EndProject
Global
	GlobalSection(SolutionConfigurationPlatforms) = preSolution
		Debug|Any CPU = Debug|Any CPU
		Release|Any CPU = Release|Any CPU
	EndGlobalSection
	GlobalSection(ProjectConfigurationPlatforms) = postSolution
		{2B29F411-6671-48D2-8CA8-0D9E8A985A9F}.Debug|Any CPU.ActiveCfg = Debug|Any CPU
		{2B29F411-6671-48D2-8CA8-0D9E8A985A9F}.Debug|Any CPU.Build.0 = Debug|Any CPU
		{2B29F411-6671-48D2-8CA8-0D9E8A985A9F}.Release|Any CPU.ActiveCfg = Release|Any CPU
		{2B29F411-6671-48D2-8CA8-0D9E8A985A9F}.Release|Any CPU.Build.0 = Release|Any CPU
	EndGlobalSection
	GlobalSection(SolutionProperties) = preSolution
		HideSolutionNode = FALSE
	EndGlobalSection
	GlobalSection(ExtensibilityGlobals) = postSolution
		SolutionGuid = {31E0A4EA-EBBD-4E03-BC2C-163D5003B305}
	EndGlobalSection
EndGlobal
